// !$*UTF8*$!
{
	archiveVersion = 1;
	classes = {
	};
	objectVersion = 56;
	objects = {

/* Begin PBXBuildFile section */
		74B48B642A11887D0061DD98 /* FavoritesServiceLive in Frameworks */ = {isa = PBXBuildFile; productRef = 74B48B632A11887D0061DD98 /* FavoritesServiceLive */; };
		74ECD0952A0FED5000C577DD /* SettingsURLServiceLive in Frameworks */ = {isa = PBXBuildFile; productRef = 74ECD0942A0FED5000C577DD /* SettingsURLServiceLive */; };
		74FB4A692A13FAE000FD7290 /* LogServiceLive in Frameworks */ = {isa = PBXBuildFile; productRef = 74FB4A682A13FAE000FD7290 /* LogServiceLive */; };
		74FB4A6F2A15856B00FD7290 /* GoogleService-Info.plist in Resources */ = {isa = PBXBuildFile; fileRef = 74FB4A6E2A1584CA00FD7290 /* GoogleService-Info.plist */; };
		A0541FE52A08FD8E0077A164 /* SearchStationView in Frameworks */ = {isa = PBXBuildFile; productRef = A0541FE42A08FD8E0077A164 /* SearchStationView */; };
		A0541FE72A08FDA30077A164 /* SearchStationDomain in Frameworks */ = {isa = PBXBuildFile; productRef = A0541FE62A08FDA30077A164 /* SearchStationDomain */; };
		A0541FE92A09153F0077A164 /* LocationServiceLive in Frameworks */ = {isa = PBXBuildFile; productRef = A0541FE82A09153F0077A164 /* LocationServiceLive */; };
		A0541FEB2A0915470077A164 /* StationRepositoryLive in Frameworks */ = {isa = PBXBuildFile; productRef = A0541FEA2A0915470077A164 /* StationRepositoryLive */; };
		A067207F29F31B96008A4D15 /* BDZDelaysApp.swift in Sources */ = {isa = PBXBuildFile; fileRef = A067207E29F31B96008A4D15 /* BDZDelaysApp.swift */; };
		A067208329F31B97008A4D15 /* Assets.xcassets in Resources */ = {isa = PBXBuildFile; fileRef = A067208229F31B97008A4D15 /* Assets.xcassets */; };
		A067208729F31B97008A4D15 /* Preview Assets.xcassets in Resources */ = {isa = PBXBuildFile; fileRef = A067208629F31B97008A4D15 /* Preview Assets.xcassets */; };
		A0C57B9A2A0AF0F100E15CD8 /* Settings.bundle in Resources */ = {isa = PBXBuildFile; fileRef = A0C57B992A0AF0F100E15CD8 /* Settings.bundle */; };
/* End PBXBuildFile section */

/* Begin PBXFileReference section */
		74FB4A6E2A1584CA00FD7290 /* GoogleService-Info.plist */ = {isa = PBXFileReference; lastKnownFileType = text.plist.xml; path = "GoogleService-Info.plist"; sourceTree = "<group>"; };
		A067207B29F31B96008A4D15 /* BDZDelays.app */ = {isa = PBXFileReference; explicitFileType = wrapper.application; includeInIndex = 0; path = BDZDelays.app; sourceTree = BUILT_PRODUCTS_DIR; };
		A067207E29F31B96008A4D15 /* BDZDelaysApp.swift */ = {isa = PBXFileReference; lastKnownFileType = sourcecode.swift; path = BDZDelaysApp.swift; sourceTree = "<group>"; };
		A067208229F31B97008A4D15 /* Assets.xcassets */ = {isa = PBXFileReference; lastKnownFileType = folder.assetcatalog; path = Assets.xcassets; sourceTree = "<group>"; };
		A067208429F31B97008A4D15 /* BDZDelays.entitlements */ = {isa = PBXFileReference; lastKnownFileType = text.plist.entitlements; path = BDZDelays.entitlements; sourceTree = "<group>"; };
		A067208629F31B97008A4D15 /* Preview Assets.xcassets */ = {isa = PBXFileReference; lastKnownFileType = folder.assetcatalog; path = "Preview Assets.xcassets"; sourceTree = "<group>"; };
		A08CED732A08EEDB00578D75 /* bdz-delays */ = {isa = PBXFileReference; lastKnownFileType = wrapper; path = "bdz-delays"; sourceTree = "<group>"; };
		A0C57B992A0AF0F100E15CD8 /* Settings.bundle */ = {isa = PBXFileReference; lastKnownFileType = "wrapper.plug-in"; path = Settings.bundle; sourceTree = "<group>"; };
/* End PBXFileReference section */

/* Begin PBXFrameworksBuildPhase section */
		A067207829F31B96008A4D15 /* Frameworks */ = {
			isa = PBXFrameworksBuildPhase;
			buildActionMask = 2147483647;
			files = (
				74FB4A692A13FAE000FD7290 /* LogServiceLive in Frameworks */,
				A0541FE52A08FD8E0077A164 /* SearchStationView in Frameworks */,
				74ECD0952A0FED5000C577DD /* SettingsURLServiceLive in Frameworks */,
				A0541FE72A08FDA30077A164 /* SearchStationDomain in Frameworks */,
				A0541FE92A09153F0077A164 /* LocationServiceLive in Frameworks */,
				74B48B642A11887D0061DD98 /* FavoritesServiceLive in Frameworks */,
				A0541FEB2A0915470077A164 /* StationRepositoryLive in Frameworks */,
			);
			runOnlyForDeploymentPostprocessing = 0;
		};
/* End PBXFrameworksBuildPhase section */

/* Begin PBXGroup section */
		A0541FE32A08FD8E0077A164 /* Frameworks */ = {
			isa = PBXGroup;
			children = (
			);
			name = Frameworks;
			sourceTree = "<group>";
		};
		A067207229F31B96008A4D15 = {
			isa = PBXGroup;
			children = (
				A067207D29F31B96008A4D15 /* BDZDelays */,
				A0C57B992A0AF0F100E15CD8 /* Settings.bundle */,
				A067207C29F31B96008A4D15 /* Products */,
				A0541FE32A08FD8E0077A164 /* Frameworks */,
			);
			sourceTree = "<group>";
		};
		A067207C29F31B96008A4D15 /* Products */ = {
			isa = PBXGroup;
			children = (
				A067207B29F31B96008A4D15 /* BDZDelays.app */,
			);
			name = Products;
			sourceTree = "<group>";
		};
		A067207D29F31B96008A4D15 /* BDZDelays */ = {
			isa = PBXGroup;
			children = (
				A067207E29F31B96008A4D15 /* BDZDelaysApp.swift */,
				A08CED732A08EEDB00578D75 /* bdz-delays */,
				A067208429F31B97008A4D15 /* BDZDelays.entitlements */,
				A067208229F31B97008A4D15 /* Assets.xcassets */,
				74FB4A6E2A1584CA00FD7290 /* GoogleService-Info.plist */,
				A067208529F31B97008A4D15 /* Preview Content */,
			);
			path = BDZDelays;
			sourceTree = "<group>";
		};
		A067208529F31B97008A4D15 /* Preview Content */ = {
			isa = PBXGroup;
			children = (
				A067208629F31B97008A4D15 /* Preview Assets.xcassets */,
			);
			path = "Preview Content";
			sourceTree = "<group>";
		};
/* End PBXGroup section */

/* Begin PBXNativeTarget section */
		A067207A29F31B96008A4D15 /* BDZDelays */ = {
			isa = PBXNativeTarget;
			buildConfigurationList = A06720A029F31B97008A4D15 /* Build configuration list for PBXNativeTarget "BDZDelays" */;
			buildPhases = (
				A067207729F31B96008A4D15 /* Sources */,
				A067207829F31B96008A4D15 /* Frameworks */,
				A067207929F31B96008A4D15 /* Resources */,
				74FB4A6A2A15731300FD7290 /* ShellScript */,
			);
			buildRules = (
			);
			dependencies = (
			);
			name = BDZDelays;
			packageProductDependencies = (
				A0541FE42A08FD8E0077A164 /* SearchStationView */,
				A0541FE62A08FDA30077A164 /* SearchStationDomain */,
				A0541FE82A09153F0077A164 /* LocationServiceLive */,
				A0541FEA2A0915470077A164 /* StationRepositoryLive */,
				74ECD0942A0FED5000C577DD /* SettingsURLServiceLive */,
				74B48B632A11887D0061DD98 /* FavoritesServiceLive */,
				74FB4A682A13FAE000FD7290 /* LogServiceLive */,
			);
			productName = BDZDelays;
			productReference = A067207B29F31B96008A4D15 /* BDZDelays.app */;
			productType = "com.apple.product-type.application";
		};
/* End PBXNativeTarget section */

/* Begin PBXProject section */
		A067207329F31B96008A4D15 /* Project object */ = {
			isa = PBXProject;
			attributes = {
				BuildIndependentTargetsInParallel = 1;
				LastSwiftUpdateCheck = 1420;
				LastUpgradeCheck = 1420;
				TargetAttributes = {
					A067207A29F31B96008A4D15 = {
						CreatedOnToolsVersion = 14.2;
					};
				};
			};
			buildConfigurationList = A067207629F31B96008A4D15 /* Build configuration list for PBXProject "BDZDelays" */;
			compatibilityVersion = "Xcode 14.0";
			developmentRegion = en;
			hasScannedForEncodings = 0;
			knownRegions = (
				en,
				Base,
			);
			mainGroup = A067207229F31B96008A4D15;
			packageReferences = (
			);
			productRefGroup = A067207C29F31B96008A4D15 /* Products */;
			projectDirPath = "";
			projectRoot = "";
			targets = (
				A067207A29F31B96008A4D15 /* BDZDelays */,
			);
		};
/* End PBXProject section */

/* Begin PBXResourcesBuildPhase section */
		A067207929F31B96008A4D15 /* Resources */ = {
			isa = PBXResourcesBuildPhase;
			buildActionMask = 2147483647;
			files = (
				A067208729F31B97008A4D15 /* Preview Assets.xcassets in Resources */,
				74FB4A6F2A15856B00FD7290 /* GoogleService-Info.plist in Resources */,
				A0C57B9A2A0AF0F100E15CD8 /* Settings.bundle in Resources */,
				A067208329F31B97008A4D15 /* Assets.xcassets in Resources */,
			);
			runOnlyForDeploymentPostprocessing = 0;
		};
/* End PBXResourcesBuildPhase section */

/* Begin PBXShellScriptBuildPhase section */
		74FB4A6A2A15731300FD7290 /* ShellScript */ = {
			isa = PBXShellScriptBuildPhase;
			buildActionMask = 2147483647;
			files = (
			);
			inputFileListPaths = (
			);
			inputPaths = (
				"${DWARF_DSYM_FOLDER_PATH}/${DWARF_DSYM_FILE_NAME}/Contents/Resources/DWARF/${TARGET_NAME}",
				"$(SRCROOT)/$(BUILT_PRODUCTS_DIR)/$(INFOPLIST_PATH)",
			);
			outputFileListPaths = (
			);
			outputPaths = (
			);
			runOnlyForDeploymentPostprocessing = 0;
			shellPath = /bin/sh;
			shellScript = "${BUILD_DIR%Build/*}/SourcePackages/checkouts/firebase-ios-sdk/Crashlytics/run\n";
		};
/* End PBXShellScriptBuildPhase section */

/* Begin PBXSourcesBuildPhase section */
		A067207729F31B96008A4D15 /* Sources */ = {
			isa = PBXSourcesBuildPhase;
			buildActionMask = 2147483647;
			files = (
				A067207F29F31B96008A4D15 /* BDZDelaysApp.swift in Sources */,
			);
			runOnlyForDeploymentPostprocessing = 0;
		};
/* End PBXSourcesBuildPhase section */

/* Begin XCBuildConfiguration section */
		A067209E29F31B97008A4D15 /* Debug */ = {
			isa = XCBuildConfiguration;
			buildSettings = {
				ALWAYS_SEARCH_USER_PATHS = NO;
				CLANG_ANALYZER_NONNULL = YES;
				CLANG_ANALYZER_NUMBER_OBJECT_CONVERSION = YES_AGGRESSIVE;
				CLANG_CXX_LANGUAGE_STANDARD = "gnu++20";
				CLANG_ENABLE_MODULES = YES;
				CLANG_ENABLE_OBJC_ARC = YES;
				CLANG_ENABLE_OBJC_WEAK = YES;
				CLANG_WARN_BLOCK_CAPTURE_AUTORELEASING = YES;
				CLANG_WARN_BOOL_CONVERSION = YES;
				CLANG_WARN_COMMA = YES;
				CLANG_WARN_CONSTANT_CONVERSION = YES;
				CLANG_WARN_DEPRECATED_OBJC_IMPLEMENTATIONS = YES;
				CLANG_WARN_DIRECT_OBJC_ISA_USAGE = YES_ERROR;
				CLANG_WARN_DOCUMENTATION_COMMENTS = YES;
				CLANG_WARN_EMPTY_BODY = YES;
				CLANG_WARN_ENUM_CONVERSION = YES;
				CLANG_WARN_INFINITE_RECURSION = YES;
				CLANG_WARN_INT_CONVERSION = YES;
				CLANG_WARN_NON_LITERAL_NULL_CONVERSION = YES;
				CLANG_WARN_OBJC_IMPLICIT_RETAIN_SELF = YES;
				CLANG_WARN_OBJC_LITERAL_CONVERSION = YES;
				CLANG_WARN_OBJC_ROOT_CLASS = YES_ERROR;
				CLANG_WARN_QUOTED_INCLUDE_IN_FRAMEWORK_HEADER = YES;
				CLANG_WARN_RANGE_LOOP_ANALYSIS = YES;
				CLANG_WARN_STRICT_PROTOTYPES = YES;
				CLANG_WARN_SUSPICIOUS_MOVE = YES;
				CLANG_WARN_UNGUARDED_AVAILABILITY = YES_AGGRESSIVE;
				CLANG_WARN_UNREACHABLE_CODE = YES;
				CLANG_WARN__DUPLICATE_METHOD_MATCH = YES;
				COPY_PHASE_STRIP = NO;
				DEBUG_INFORMATION_FORMAT = dwarf;
				ENABLE_STRICT_OBJC_MSGSEND = YES;
				ENABLE_TESTABILITY = YES;
				GCC_C_LANGUAGE_STANDARD = gnu11;
				GCC_DYNAMIC_NO_PIC = NO;
				GCC_NO_COMMON_BLOCKS = YES;
				GCC_OPTIMIZATION_LEVEL = 0;
				GCC_PREPROCESSOR_DEFINITIONS = (
					"DEBUG=1",
					"$(inherited)",
				);
				GCC_WARN_64_TO_32_BIT_CONVERSION = YES;
				GCC_WARN_ABOUT_RETURN_TYPE = YES_ERROR;
				GCC_WARN_UNDECLARED_SELECTOR = YES;
				GCC_WARN_UNINITIALIZED_AUTOS = YES_AGGRESSIVE;
				GCC_WARN_UNUSED_FUNCTION = YES;
				GCC_WARN_UNUSED_VARIABLE = YES;
				MTL_ENABLE_DEBUG_INFO = INCLUDE_SOURCE;
				MTL_FAST_MATH = YES;
				ONLY_ACTIVE_ARCH = YES;
				SWIFT_ACTIVE_COMPILATION_CONDITIONS = DEBUG;
				SWIFT_OPTIMIZATION_LEVEL = "-Onone";
			};
			name = Debug;
		};
		A067209F29F31B97008A4D15 /* Release */ = {
			isa = XCBuildConfiguration;
			buildSettings = {
				ALWAYS_SEARCH_USER_PATHS = NO;
				CLANG_ANALYZER_NONNULL = YES;
				CLANG_ANALYZER_NUMBER_OBJECT_CONVERSION = YES_AGGRESSIVE;
				CLANG_CXX_LANGUAGE_STANDARD = "gnu++20";
				CLANG_ENABLE_MODULES = YES;
				CLANG_ENABLE_OBJC_ARC = YES;
				CLANG_ENABLE_OBJC_WEAK = YES;
				CLANG_WARN_BLOCK_CAPTURE_AUTORELEASING = YES;
				CLANG_WARN_BOOL_CONVERSION = YES;
				CLANG_WARN_COMMA = YES;
				CLANG_WARN_CONSTANT_CONVERSION = YES;
				CLANG_WARN_DEPRECATED_OBJC_IMPLEMENTATIONS = YES;
				CLANG_WARN_DIRECT_OBJC_ISA_USAGE = YES_ERROR;
				CLANG_WARN_DOCUMENTATION_COMMENTS = YES;
				CLANG_WARN_EMPTY_BODY = YES;
				CLANG_WARN_ENUM_CONVERSION = YES;
				CLANG_WARN_INFINITE_RECURSION = YES;
				CLANG_WARN_INT_CONVERSION = YES;
				CLANG_WARN_NON_LITERAL_NULL_CONVERSION = YES;
				CLANG_WARN_OBJC_IMPLICIT_RETAIN_SELF = YES;
				CLANG_WARN_OBJC_LITERAL_CONVERSION = YES;
				CLANG_WARN_OBJC_ROOT_CLASS = YES_ERROR;
				CLANG_WARN_QUOTED_INCLUDE_IN_FRAMEWORK_HEADER = YES;
				CLANG_WARN_RANGE_LOOP_ANALYSIS = YES;
				CLANG_WARN_STRICT_PROTOTYPES = YES;
				CLANG_WARN_SUSPICIOUS_MOVE = YES;
				CLANG_WARN_UNGUARDED_AVAILABILITY = YES_AGGRESSIVE;
				CLANG_WARN_UNREACHABLE_CODE = YES;
				CLANG_WARN__DUPLICATE_METHOD_MATCH = YES;
				COPY_PHASE_STRIP = NO;
				DEBUG_INFORMATION_FORMAT = "dwarf-with-dsym";
				ENABLE_NS_ASSERTIONS = NO;
				ENABLE_STRICT_OBJC_MSGSEND = YES;
				GCC_C_LANGUAGE_STANDARD = gnu11;
				GCC_NO_COMMON_BLOCKS = YES;
				GCC_WARN_64_TO_32_BIT_CONVERSION = YES;
				GCC_WARN_ABOUT_RETURN_TYPE = YES_ERROR;
				GCC_WARN_UNDECLARED_SELECTOR = YES;
				GCC_WARN_UNINITIALIZED_AUTOS = YES_AGGRESSIVE;
				GCC_WARN_UNUSED_FUNCTION = YES;
				GCC_WARN_UNUSED_VARIABLE = YES;
				MTL_ENABLE_DEBUG_INFO = NO;
				MTL_FAST_MATH = YES;
				SWIFT_COMPILATION_MODE = wholemodule;
				SWIFT_OPTIMIZATION_LEVEL = "-O";
			};
			name = Release;
		};
		A06720A129F31B97008A4D15 /* Debug */ = {
			isa = XCBuildConfiguration;
			buildSettings = {
				ASSETCATALOG_COMPILER_APPICON_NAME = AppIcon;
				ASSETCATALOG_COMPILER_GLOBAL_ACCENT_COLOR_NAME = AccentColor;
				CODE_SIGN_ENTITLEMENTS = BDZDelays/BDZDelays.entitlements;
				"CODE_SIGN_IDENTITY[sdk=macosx*]" = "Mac Developer";
				CODE_SIGN_STYLE = Manual;
				CURRENT_PROJECT_VERSION = 1;
				DEBUG_INFORMATION_FORMAT = "dwarf-with-dsym";
				DEVELOPMENT_ASSET_PATHS = "\"BDZDelays/Preview Content\"";
				DEVELOPMENT_TEAM = "";
				"DEVELOPMENT_TEAM[sdk=iphoneos*]" = 4643PTS49B;
				"DEVELOPMENT_TEAM[sdk=macosx*]" = 4643PTS49B;
				ENABLE_HARDENED_RUNTIME = YES;
				ENABLE_PREVIEWS = YES;
				GENERATE_INFOPLIST_FILE = YES;
				INFOPLIST_KEY_CFBundleDisplayName = "Закъснения";
				INFOPLIST_KEY_LSApplicationCategoryType = "public.app-category.travel";
				INFOPLIST_KEY_NSLocationWhenInUseUsageDescription = "За да открие коя е най-близката ЖП гара.";
				"INFOPLIST_KEY_UIApplicationSceneManifest_Generation[sdk=iphoneos*]" = YES;
				"INFOPLIST_KEY_UIApplicationSceneManifest_Generation[sdk=iphonesimulator*]" = YES;
				"INFOPLIST_KEY_UIApplicationSupportsIndirectInputEvents[sdk=iphoneos*]" = YES;
				"INFOPLIST_KEY_UIApplicationSupportsIndirectInputEvents[sdk=iphonesimulator*]" = YES;
				"INFOPLIST_KEY_UILaunchScreen_Generation[sdk=iphoneos*]" = YES;
				"INFOPLIST_KEY_UILaunchScreen_Generation[sdk=iphonesimulator*]" = YES;
				"INFOPLIST_KEY_UIStatusBarStyle[sdk=iphoneos*]" = UIStatusBarStyleDefault;
				"INFOPLIST_KEY_UIStatusBarStyle[sdk=iphonesimulator*]" = UIStatusBarStyleDefault;
				INFOPLIST_KEY_UISupportedInterfaceOrientations_iPad = "UIInterfaceOrientationPortrait UIInterfaceOrientationPortraitUpsideDown UIInterfaceOrientationLandscapeLeft UIInterfaceOrientationLandscapeRight";
				INFOPLIST_KEY_UISupportedInterfaceOrientations_iPhone = "UIInterfaceOrientationPortrait UIInterfaceOrientationLandscapeLeft UIInterfaceOrientationLandscapeRight";
				IPHONEOS_DEPLOYMENT_TARGET = 16.0;
				LD_RUNPATH_SEARCH_PATHS = "@executable_path/Frameworks";
				"LD_RUNPATH_SEARCH_PATHS[sdk=macosx*]" = "@executable_path/../Frameworks";
				MACOSX_DEPLOYMENT_TARGET = 13.0;
				MARKETING_VERSION = 1.0.0;
				PRODUCT_BUNDLE_IDENTIFIER = yalishanda.BDZDelays;
				PRODUCT_NAME = "$(TARGET_NAME)";
				PROVISIONING_PROFILE_SPECIFIER = "";
				"PROVISIONING_PROFILE_SPECIFIER[sdk=iphoneos*]" = "iOS Dev";
				"PROVISIONING_PROFILE_SPECIFIER[sdk=macosx*]" = "mac dev";
				SDKROOT = auto;
				SUPPORTED_PLATFORMS = "iphoneos iphonesimulator macosx";
				SWIFT_EMIT_LOC_STRINGS = YES;
				SWIFT_VERSION = 5.0;
				TARGETED_DEVICE_FAMILY = "1,2";
			};
			name = Debug;
		};
		A06720A229F31B97008A4D15 /* Release */ = {
			isa = XCBuildConfiguration;
			buildSettings = {
				ASSETCATALOG_COMPILER_APPICON_NAME = AppIcon;
				ASSETCATALOG_COMPILER_GLOBAL_ACCENT_COLOR_NAME = AccentColor;
				CODE_SIGN_ENTITLEMENTS = BDZDelays/BDZDelays.entitlements;
				"CODE_SIGN_IDENTITY[sdk=iphoneos*]" = "iPhone Distribution";
				"CODE_SIGN_IDENTITY[sdk=macosx*]" = "3rd Party Mac Developer Application";
				CODE_SIGN_STYLE = Manual;
				CURRENT_PROJECT_VERSION = 1;
				DEVELOPMENT_ASSET_PATHS = "\"BDZDelays/Preview Content\"";
				DEVELOPMENT_TEAM = "";
				"DEVELOPMENT_TEAM[sdk=iphoneos*]" = 4643PTS49B;
				"DEVELOPMENT_TEAM[sdk=macosx*]" = 4643PTS49B;
				ENABLE_HARDENED_RUNTIME = YES;
				ENABLE_PREVIEWS = YES;
				GENERATE_INFOPLIST_FILE = YES;
				INFOPLIST_KEY_CFBundleDisplayName = "Закъснения";
				INFOPLIST_KEY_LSApplicationCategoryType = "public.app-category.travel";
				INFOPLIST_KEY_NSLocationWhenInUseUsageDescription = "За да открие коя е най-близката ЖП гара.";
				"INFOPLIST_KEY_UIApplicationSceneManifest_Generation[sdk=iphoneos*]" = YES;
				"INFOPLIST_KEY_UIApplicationSceneManifest_Generation[sdk=iphonesimulator*]" = YES;
				"INFOPLIST_KEY_UIApplicationSupportsIndirectInputEvents[sdk=iphoneos*]" = YES;
				"INFOPLIST_KEY_UIApplicationSupportsIndirectInputEvents[sdk=iphonesimulator*]" = YES;
				"INFOPLIST_KEY_UILaunchScreen_Generation[sdk=iphoneos*]" = YES;
				"INFOPLIST_KEY_UILaunchScreen_Generation[sdk=iphonesimulator*]" = YES;
				"INFOPLIST_KEY_UIStatusBarStyle[sdk=iphoneos*]" = UIStatusBarStyleDefault;
				"INFOPLIST_KEY_UIStatusBarStyle[sdk=iphonesimulator*]" = UIStatusBarStyleDefault;
				INFOPLIST_KEY_UISupportedInterfaceOrientations_iPad = "UIInterfaceOrientationPortrait UIInterfaceOrientationPortraitUpsideDown UIInterfaceOrientationLandscapeLeft UIInterfaceOrientationLandscapeRight";
				INFOPLIST_KEY_UISupportedInterfaceOrientations_iPhone = "UIInterfaceOrientationPortrait UIInterfaceOrientationLandscapeLeft UIInterfaceOrientationLandscapeRight";
				IPHONEOS_DEPLOYMENT_TARGET = 16.0;
				LD_RUNPATH_SEARCH_PATHS = "@executable_path/Frameworks";
				"LD_RUNPATH_SEARCH_PATHS[sdk=macosx*]" = "@executable_path/../Frameworks";
				MACOSX_DEPLOYMENT_TARGET = 13.0;
				MARKETING_VERSION = 1.0.0;
				PRODUCT_BUNDLE_IDENTIFIER = yalishanda.BDZDelays;
				PRODUCT_NAME = "$(TARGET_NAME)";
				PROVISIONING_PROFILE_SPECIFIER = "";
				"PROVISIONING_PROFILE_SPECIFIER[sdk=iphoneos*]" = "iOS Distribution";
				"PROVISIONING_PROFILE_SPECIFIER[sdk=macosx*]" = "mac distribution";
				SDKROOT = auto;
				SUPPORTED_PLATFORMS = "iphoneos iphonesimulator macosx";
				SWIFT_EMIT_LOC_STRINGS = YES;
				SWIFT_VERSION = 5.0;
				TARGETED_DEVICE_FAMILY = "1,2";
			};
			name = Release;
		};
/* End XCBuildConfiguration section */

/* Begin XCConfigurationList section */
		A067207629F31B96008A4D15 /* Build configuration list for PBXProject "BDZDelays" */ = {
			isa = XCConfigurationList;
			buildConfigurations = (
				A067209E29F31B97008A4D15 /* Debug */,
				A067209F29F31B97008A4D15 /* Release */,
			);
			defaultConfigurationIsVisible = 0;
			defaultConfigurationName = Release;
		};
		A06720A029F31B97008A4D15 /* Build configuration list for PBXNativeTarget "BDZDelays" */ = {
			isa = XCConfigurationList;
			buildConfigurations = (
				A06720A129F31B97008A4D15 /* Debug */,
				A06720A229F31B97008A4D15 /* Release */,
			);
			defaultConfigurationIsVisible = 0;
			defaultConfigurationName = Release;
		};
/* End XCConfigurationList section */

/* Begin XCSwiftPackageProductDependency section */
		74B48B632A11887D0061DD98 /* FavoritesServiceLive */ = {
			isa = XCSwiftPackageProductDependency;
			productName = FavoritesServiceLive;
		};
		74ECD0942A0FED5000C577DD /* SettingsURLServiceLive */ = {
			isa = XCSwiftPackageProductDependency;
			productName = SettingsURLServiceLive;
		};
		74FB4A682A13FAE000FD7290 /* LogServiceLive */ = {
			isa = XCSwiftPackageProductDependency;
			productName = LogServiceLive;
		};
		A0541FE42A08FD8E0077A164 /* SearchStationView */ = {
			isa = XCSwiftPackageProductDependency;
			productName = SearchStationView;
		};
		A0541FE62A08FDA30077A164 /* SearchStationDomain */ = {
			isa = XCSwiftPackageProductDependency;
			productName = SearchStationDomain;
		};
		A0541FE82A09153F0077A164 /* LocationServiceLive */ = {
			isa = XCSwiftPackageProductDependency;
			productName = LocationServiceLive;
		};
		A0541FEA2A0915470077A164 /* StationRepositoryLive */ = {
			isa = XCSwiftPackageProductDependency;
			productName = StationRepositoryLive;
		};
/* End XCSwiftPackageProductDependency section */
	};
	rootObject = A067207329F31B96008A4D15 /* Project object */;
}
