// !$*UTF8*$!
{
	archiveVersion = 1;
	classes = {
	};
	objectVersion = 56;
	objects = {

/* Begin PBXBuildFile section */
		742E269A2A26013E0009092D /* WidgetKit.framework in Frameworks */ = {isa = PBXBuildFile; fileRef = 742E26992A26013D0009092D /* WidgetKit.framework */; };
		742E269C2A26013E0009092D /* SwiftUI.framework in Frameworks */ = {isa = PBXBuildFile; fileRef = 742E269B2A26013E0009092D /* SwiftUI.framework */; };
		742E269F2A26013E0009092D /* DelaysWidgetBundle.swift in Sources */ = {isa = PBXBuildFile; fileRef = 742E269E2A26013E0009092D /* DelaysWidgetBundle.swift */; };
		742E26A12A26013E0009092D /* DelaysWidget.swift in Sources */ = {isa = PBXBuildFile; fileRef = 742E26A02A26013E0009092D /* DelaysWidget.swift */; };
		742E26A42A26013F0009092D /* Assets.xcassets in Resources */ = {isa = PBXBuildFile; fileRef = 742E26A32A26013F0009092D /* Assets.xcassets */; };
		742E26A62A26013F0009092D /* DelaysWidget.intentdefinition in Sources */ = {isa = PBXBuildFile; fileRef = 742E26A22A26013E0009092D /* DelaysWidget.intentdefinition */; };
		742E26A72A26013F0009092D /* DelaysWidget.intentdefinition in Sources */ = {isa = PBXBuildFile; fileRef = 742E26A22A26013E0009092D /* DelaysWidget.intentdefinition */; };
		742E26AA2A26013F0009092D /* DelaysWidgetExtension.appex in Embed Foundation Extensions */ = {isa = PBXBuildFile; fileRef = 742E26982A26013D0009092D /* DelaysWidgetExtension.appex */; settings = {ATTRIBUTES = (RemoveHeadersOnCopy, ); }; };
		742E26B22A2647790009092D /* StationRepository in Frameworks */ = {isa = PBXBuildFile; productRef = 742E26B12A2647790009092D /* StationRepository */; };
		742E26B42A26477E0009092D /* StationRepositoryLive in Frameworks */ = {isa = PBXBuildFile; productRef = 742E26B32A26477E0009092D /* StationRepositoryLive */; };
		742E26B72A26507E0009092D /* WidgetView.swift in Sources */ = {isa = PBXBuildFile; fileRef = 742E26B62A26507E0009092D /* WidgetView.swift */; };
		742E26C12A2666000009092D /* Intents.framework in Frameworks */ = {isa = PBXBuildFile; fileRef = 742E26C02A2666000009092D /* Intents.framework */; };
		742E26C42A2666000009092D /* IntentHandler.swift in Sources */ = {isa = PBXBuildFile; fileRef = 742E26C32A2666000009092D /* IntentHandler.swift */; };
		742E26D92A2666010009092D /* SelectStationIntent.appex in Embed Foundation Extensions */ = {isa = PBXBuildFile; fileRef = 742E26BF2A2666000009092D /* SelectStationIntent.appex */; settings = {ATTRIBUTES = (RemoveHeadersOnCopy, ); }; };
		742E26E02A2666450009092D /* DelaysWidget.intentdefinition in Sources */ = {isa = PBXBuildFile; fileRef = 742E26A22A26013E0009092D /* DelaysWidget.intentdefinition */; };
		742E26E32A2667700009092D /* SharedModels in Frameworks */ = {isa = PBXBuildFile; productRef = 742E26E22A2667700009092D /* SharedModels */; };
		742E26E52A266EC40009092D /* BGStation+fromName.swift in Sources */ = {isa = PBXBuildFile; fileRef = 742E26E42A266EC40009092D /* BGStation+fromName.swift */; };
		749D7F202A310A590088E161 /* TrainsTimelineProvider.swift in Sources */ = {isa = PBXBuildFile; fileRef = 749D7F1E2A310A590088E161 /* TrainsTimelineProvider.swift */; };
		749D7F222A310A9D0088E161 /* TrainsEntry.swift in Sources */ = {isa = PBXBuildFile; fileRef = 749D7F212A310A9D0088E161 /* TrainsEntry.swift */; };
		74B48B642A11887D0061DD98 /* FavoritesServiceLive in Frameworks */ = {isa = PBXBuildFile; productRef = 74B48B632A11887D0061DD98 /* FavoritesServiceLive */; };
		74C48C682A34D1EA001E8F55 /* DeepLinkHandler.swift in Sources */ = {isa = PBXBuildFile; fileRef = 74C48C672A34D1EA001E8F55 /* DeepLinkHandler.swift */; };
		74ECD0952A0FED5000C577DD /* SettingsURLServiceLive in Frameworks */ = {isa = PBXBuildFile; productRef = 74ECD0942A0FED5000C577DD /* SettingsURLServiceLive */; };
		74FB4A692A13FAE000FD7290 /* LogServiceLive in Frameworks */ = {isa = PBXBuildFile; productRef = 74FB4A682A13FAE000FD7290 /* LogServiceLive */; };
		74FB4A6F2A15856B00FD7290 /* GoogleService-Info.plist in Resources */ = {isa = PBXBuildFile; fileRef = 74FB4A6E2A1584CA00FD7290 /* GoogleService-Info.plist */; };
		A0541FE52A08FD8E0077A164 /* SearchStationView in Frameworks */ = {isa = PBXBuildFile; productRef = A0541FE42A08FD8E0077A164 /* SearchStationView */; };
		A0541FE72A08FDA30077A164 /* SearchStationDomain in Frameworks */ = {isa = PBXBuildFile; productRef = A0541FE62A08FDA30077A164 /* SearchStationDomain */; };
		A0541FE92A09153F0077A164 /* LocationServiceLive in Frameworks */ = {isa = PBXBuildFile; productRef = A0541FE82A09153F0077A164 /* LocationServiceLive */; };
		A0541FEB2A0915470077A164 /* StationRepositoryLive in Frameworks */ = {isa = PBXBuildFile; productRef = A0541FEA2A0915470077A164 /* StationRepositoryLive */; };
		A067207F29F31B96008A4D15 /* BDZDelaysApp.swift in Sources */ = {isa = PBXBuildFile; fileRef = A067207E29F31B96008A4D15 /* BDZDelaysApp.swift */; };
		A067208329F31B97008A4D15 /* Assets.xcassets in Resources */ = {isa = PBXBuildFile; fileRef = A067208229F31B97008A4D15 /* Assets.xcassets */; };
		A067208729F31B97008A4D15 /* Preview Assets.xcassets in Resources */ = {isa = PBXBuildFile; fileRef = A067208629F31B97008A4D15 /* Preview Assets.xcassets */; };
		A0C57B9A2A0AF0F100E15CD8 /* Settings.bundle in Resources */ = {isa = PBXBuildFile; fileRef = A0C57B992A0AF0F100E15CD8 /* Settings.bundle */; };
/* End PBXBuildFile section */

/* Begin PBXContainerItemProxy section */
		742E26A82A26013F0009092D /* PBXContainerItemProxy */ = {
			isa = PBXContainerItemProxy;
			containerPortal = A067207329F31B96008A4D15 /* Project object */;
			proxyType = 1;
			remoteGlobalIDString = 742E26972A26013D0009092D;
			remoteInfo = DelaysWidgetExtension;
		};
		742E26D72A2666010009092D /* PBXContainerItemProxy */ = {
			isa = PBXContainerItemProxy;
			containerPortal = A067207329F31B96008A4D15 /* Project object */;
			proxyType = 1;
			remoteGlobalIDString = 742E26BE2A2666000009092D;
			remoteInfo = SelectStationIntent;
		};
/* End PBXContainerItemProxy section */

/* Begin PBXCopyFilesBuildPhase section */
		742E26AB2A2601400009092D /* Embed Foundation Extensions */ = {
			isa = PBXCopyFilesBuildPhase;
			buildActionMask = 2147483647;
			dstPath = "";
			dstSubfolderSpec = 13;
			files = (
				742E26D92A2666010009092D /* SelectStationIntent.appex in Embed Foundation Extensions */,
				742E26AA2A26013F0009092D /* DelaysWidgetExtension.appex in Embed Foundation Extensions */,
			);
			name = "Embed Foundation Extensions";
			runOnlyForDeploymentPostprocessing = 0;
		};
/* End PBXCopyFilesBuildPhase section */

/* Begin PBXFileReference section */
		742E26982A26013D0009092D /* DelaysWidgetExtension.appex */ = {isa = PBXFileReference; explicitFileType = "wrapper.app-extension"; includeInIndex = 0; path = DelaysWidgetExtension.appex; sourceTree = BUILT_PRODUCTS_DIR; };
		742E26992A26013D0009092D /* WidgetKit.framework */ = {isa = PBXFileReference; lastKnownFileType = wrapper.framework; name = WidgetKit.framework; path = System/Library/Frameworks/WidgetKit.framework; sourceTree = SDKROOT; };
		742E269B2A26013E0009092D /* SwiftUI.framework */ = {isa = PBXFileReference; lastKnownFileType = wrapper.framework; name = SwiftUI.framework; path = System/Library/Frameworks/SwiftUI.framework; sourceTree = SDKROOT; };
		742E269E2A26013E0009092D /* DelaysWidgetBundle.swift */ = {isa = PBXFileReference; lastKnownFileType = sourcecode.swift; path = DelaysWidgetBundle.swift; sourceTree = "<group>"; };
		742E26A02A26013E0009092D /* DelaysWidget.swift */ = {isa = PBXFileReference; lastKnownFileType = sourcecode.swift; path = DelaysWidget.swift; sourceTree = "<group>"; };
		742E26A22A26013E0009092D /* DelaysWidget.intentdefinition */ = {isa = PBXFileReference; lastKnownFileType = file.intentdefinition; path = DelaysWidget.intentdefinition; sourceTree = "<group>"; };
		742E26A32A26013F0009092D /* Assets.xcassets */ = {isa = PBXFileReference; lastKnownFileType = folder.assetcatalog; path = Assets.xcassets; sourceTree = "<group>"; };
		742E26A52A26013F0009092D /* Info.plist */ = {isa = PBXFileReference; lastKnownFileType = text.plist.xml; path = Info.plist; sourceTree = "<group>"; };
		742E26B62A26507E0009092D /* WidgetView.swift */ = {isa = PBXFileReference; lastKnownFileType = sourcecode.swift; path = WidgetView.swift; sourceTree = "<group>"; };
		742E26BA2A2664270009092D /* Info.plist */ = {isa = PBXFileReference; lastKnownFileType = text.plist; path = Info.plist; sourceTree = "<group>"; };
		742E26BF2A2666000009092D /* SelectStationIntent.appex */ = {isa = PBXFileReference; explicitFileType = "wrapper.app-extension"; includeInIndex = 0; path = SelectStationIntent.appex; sourceTree = BUILT_PRODUCTS_DIR; };
		742E26C02A2666000009092D /* Intents.framework */ = {isa = PBXFileReference; lastKnownFileType = wrapper.framework; name = Intents.framework; path = System/Library/Frameworks/Intents.framework; sourceTree = SDKROOT; };
		742E26C32A2666000009092D /* IntentHandler.swift */ = {isa = PBXFileReference; lastKnownFileType = sourcecode.swift; path = IntentHandler.swift; sourceTree = "<group>"; };
		742E26C52A2666000009092D /* Info.plist */ = {isa = PBXFileReference; lastKnownFileType = text.plist.xml; path = Info.plist; sourceTree = "<group>"; };
		742E26CB2A2666010009092D /* IntentsUI.framework */ = {isa = PBXFileReference; lastKnownFileType = wrapper.framework; name = IntentsUI.framework; path = System/Library/Frameworks/IntentsUI.framework; sourceTree = SDKROOT; };
		742E26E42A266EC40009092D /* BGStation+fromName.swift */ = {isa = PBXFileReference; lastKnownFileType = sourcecode.swift; path = "BGStation+fromName.swift"; sourceTree = "<group>"; };
		749D7F1E2A310A590088E161 /* TrainsTimelineProvider.swift */ = {isa = PBXFileReference; lastKnownFileType = sourcecode.swift; path = TrainsTimelineProvider.swift; sourceTree = "<group>"; };
		749D7F212A310A9D0088E161 /* TrainsEntry.swift */ = {isa = PBXFileReference; lastKnownFileType = sourcecode.swift; path = TrainsEntry.swift; sourceTree = "<group>"; };
		74C48C672A34D1EA001E8F55 /* DeepLinkHandler.swift */ = {isa = PBXFileReference; lastKnownFileType = sourcecode.swift; path = DeepLinkHandler.swift; sourceTree = "<group>"; };
		74FB4A6E2A1584CA00FD7290 /* GoogleService-Info.plist */ = {isa = PBXFileReference; lastKnownFileType = text.plist.xml; path = "GoogleService-Info.plist"; sourceTree = "<group>"; };
		A067207B29F31B96008A4D15 /* BDZDelays.app */ = {isa = PBXFileReference; explicitFileType = wrapper.application; includeInIndex = 0; path = BDZDelays.app; sourceTree = BUILT_PRODUCTS_DIR; };
		A067207E29F31B96008A4D15 /* BDZDelaysApp.swift */ = {isa = PBXFileReference; lastKnownFileType = sourcecode.swift; path = BDZDelaysApp.swift; sourceTree = "<group>"; };
		A067208229F31B97008A4D15 /* Assets.xcassets */ = {isa = PBXFileReference; lastKnownFileType = folder.assetcatalog; path = Assets.xcassets; sourceTree = "<group>"; };
		A067208429F31B97008A4D15 /* BDZDelays.entitlements */ = {isa = PBXFileReference; lastKnownFileType = text.plist.entitlements; path = BDZDelays.entitlements; sourceTree = "<group>"; };
		A067208629F31B97008A4D15 /* Preview Assets.xcassets */ = {isa = PBXFileReference; lastKnownFileType = folder.assetcatalog; path = "Preview Assets.xcassets"; sourceTree = "<group>"; };
		A08CED732A08EEDB00578D75 /* bdz-delays */ = {isa = PBXFileReference; lastKnownFileType = wrapper; path = "bdz-delays"; sourceTree = "<group>"; };
		A0C57B992A0AF0F100E15CD8 /* Settings.bundle */ = {isa = PBXFileReference; lastKnownFileType = "wrapper.plug-in"; path = Settings.bundle; sourceTree = "<group>"; };
/* End PBXFileReference section */

/* Begin PBXFrameworksBuildPhase section */
		742E26952A26013D0009092D /* Frameworks */ = {
			isa = PBXFrameworksBuildPhase;
			buildActionMask = 2147483647;
			files = (
				742E269C2A26013E0009092D /* SwiftUI.framework in Frameworks */,
				742E26B42A26477E0009092D /* StationRepositoryLive in Frameworks */,
				742E269A2A26013E0009092D /* WidgetKit.framework in Frameworks */,
				742E26B22A2647790009092D /* StationRepository in Frameworks */,
			);
			runOnlyForDeploymentPostprocessing = 0;
		};
		742E26BC2A2666000009092D /* Frameworks */ = {
			isa = PBXFrameworksBuildPhase;
			buildActionMask = 2147483647;
			files = (
				742E26C12A2666000009092D /* Intents.framework in Frameworks */,
				742E26E32A2667700009092D /* SharedModels in Frameworks */,
			);
			runOnlyForDeploymentPostprocessing = 0;
		};
		A067207829F31B96008A4D15 /* Frameworks */ = {
			isa = PBXFrameworksBuildPhase;
			buildActionMask = 2147483647;
			files = (
				74FB4A692A13FAE000FD7290 /* LogServiceLive in Frameworks */,
				A0541FE52A08FD8E0077A164 /* SearchStationView in Frameworks */,
				74ECD0952A0FED5000C577DD /* SettingsURLServiceLive in Frameworks */,
				A0541FE72A08FDA30077A164 /* SearchStationDomain in Frameworks */,
				A0541FE92A09153F0077A164 /* LocationServiceLive in Frameworks */,
				74B48B642A11887D0061DD98 /* FavoritesServiceLive in Frameworks */,
				A0541FEB2A0915470077A164 /* StationRepositoryLive in Frameworks */,
			);
			runOnlyForDeploymentPostprocessing = 0;
		};
/* End PBXFrameworksBuildPhase section */

/* Begin PBXGroup section */
		742E269D2A26013E0009092D /* DelaysWidget */ = {
			isa = PBXGroup;
			children = (
				742E26A22A26013E0009092D /* DelaysWidget.intentdefinition */,
				742E269E2A26013E0009092D /* DelaysWidgetBundle.swift */,
				742E26A02A26013E0009092D /* DelaysWidget.swift */,
				749D7F212A310A9D0088E161 /* TrainsEntry.swift */,
				749D7F1E2A310A590088E161 /* TrainsTimelineProvider.swift */,
				742E26B62A26507E0009092D /* WidgetView.swift */,
				742E26E42A266EC40009092D /* BGStation+fromName.swift */,
				742E26A32A26013F0009092D /* Assets.xcassets */,
				742E26A52A26013F0009092D /* Info.plist */,
			);
			path = DelaysWidget;
			sourceTree = "<group>";
		};
		742E26C22A2666000009092D /* SelectStationIntent */ = {
			isa = PBXGroup;
			children = (
				742E26C32A2666000009092D /* IntentHandler.swift */,
				742E26C52A2666000009092D /* Info.plist */,
			);
			path = SelectStationIntent;
			sourceTree = "<group>";
		};
		A0541FE32A08FD8E0077A164 /* Frameworks */ = {
			isa = PBXGroup;
			children = (
				742E26992A26013D0009092D /* WidgetKit.framework */,
				742E269B2A26013E0009092D /* SwiftUI.framework */,
				742E26C02A2666000009092D /* Intents.framework */,
				742E26CB2A2666010009092D /* IntentsUI.framework */,
			);
			name = Frameworks;
			sourceTree = "<group>";
		};
		A067207229F31B96008A4D15 = {
			isa = PBXGroup;
			children = (
				A067207D29F31B96008A4D15 /* BDZDelays */,
				742E269D2A26013E0009092D /* DelaysWidget */,
				742E26C22A2666000009092D /* SelectStationIntent */,
				A0C57B992A0AF0F100E15CD8 /* Settings.bundle */,
				A067207C29F31B96008A4D15 /* Products */,
				A0541FE32A08FD8E0077A164 /* Frameworks */,
			);
			sourceTree = "<group>";
		};
		A067207C29F31B96008A4D15 /* Products */ = {
			isa = PBXGroup;
			children = (
				A067207B29F31B96008A4D15 /* BDZDelays.app */,
				742E26982A26013D0009092D /* DelaysWidgetExtension.appex */,
				742E26BF2A2666000009092D /* SelectStationIntent.appex */,
			);
			name = Products;
			sourceTree = "<group>";
		};
		A067207D29F31B96008A4D15 /* BDZDelays */ = {
			isa = PBXGroup;
			children = (
				742E26BA2A2664270009092D /* Info.plist */,
				A067207E29F31B96008A4D15 /* BDZDelaysApp.swift */,
				74C48C672A34D1EA001E8F55 /* DeepLinkHandler.swift */,
				A08CED732A08EEDB00578D75 /* bdz-delays */,
				A067208429F31B97008A4D15 /* BDZDelays.entitlements */,
				A067208229F31B97008A4D15 /* Assets.xcassets */,
				74FB4A6E2A1584CA00FD7290 /* GoogleService-Info.plist */,
				A067208529F31B97008A4D15 /* Preview Content */,
			);
			path = BDZDelays;
			sourceTree = "<group>";
		};
		A067208529F31B97008A4D15 /* Preview Content */ = {
			isa = PBXGroup;
			children = (
				A067208629F31B97008A4D15 /* Preview Assets.xcassets */,
			);
			path = "Preview Content";
			sourceTree = "<group>";
		};
/* End PBXGroup section */

/* Begin PBXNativeTarget section */
		742E26972A26013D0009092D /* DelaysWidgetExtension */ = {
			isa = PBXNativeTarget;
			buildConfigurationList = 742E26AE2A2601400009092D /* Build configuration list for PBXNativeTarget "DelaysWidgetExtension" */;
			buildPhases = (
				742E26942A26013D0009092D /* Sources */,
				742E26952A26013D0009092D /* Frameworks */,
				742E26962A26013D0009092D /* Resources */,
			);
			buildRules = (
			);
			dependencies = (
			);
			name = DelaysWidgetExtension;
			packageProductDependencies = (
				742E26B12A2647790009092D /* StationRepository */,
				742E26B32A26477E0009092D /* StationRepositoryLive */,
			);
			productName = DelaysWidgetExtension;
			productReference = 742E26982A26013D0009092D /* DelaysWidgetExtension.appex */;
			productType = "com.apple.product-type.app-extension";
		};
		742E26BE2A2666000009092D /* SelectStationIntent */ = {
			isa = PBXNativeTarget;
			buildConfigurationList = 742E26DD2A2666010009092D /* Build configuration list for PBXNativeTarget "SelectStationIntent" */;
			buildPhases = (
				742E26BB2A2666000009092D /* Sources */,
				742E26BC2A2666000009092D /* Frameworks */,
				742E26BD2A2666000009092D /* Resources */,
			);
			buildRules = (
			);
			dependencies = (
			);
			name = SelectStationIntent;
			packageProductDependencies = (
				742E26E22A2667700009092D /* SharedModels */,
			);
			productName = SelectStationIntent;
			productReference = 742E26BF2A2666000009092D /* SelectStationIntent.appex */;
			productType = "com.apple.product-type.app-extension";
		};
		A067207A29F31B96008A4D15 /* BDZDelays */ = {
			isa = PBXNativeTarget;
			buildConfigurationList = A06720A029F31B97008A4D15 /* Build configuration list for PBXNativeTarget "BDZDelays" */;
			buildPhases = (
				A067207729F31B96008A4D15 /* Sources */,
				A067207829F31B96008A4D15 /* Frameworks */,
				A067207929F31B96008A4D15 /* Resources */,
				74FB4A6A2A15731300FD7290 /* ShellScript */,
				742E26AB2A2601400009092D /* Embed Foundation Extensions */,
			);
			buildRules = (
			);
			dependencies = (
				742E26A92A26013F0009092D /* PBXTargetDependency */,
				742E26D82A2666010009092D /* PBXTargetDependency */,
			);
			name = BDZDelays;
			packageProductDependencies = (
				A0541FE42A08FD8E0077A164 /* SearchStationView */,
				A0541FE62A08FDA30077A164 /* SearchStationDomain */,
				A0541FE82A09153F0077A164 /* LocationServiceLive */,
				A0541FEA2A0915470077A164 /* StationRepositoryLive */,
				74ECD0942A0FED5000C577DD /* SettingsURLServiceLive */,
				74B48B632A11887D0061DD98 /* FavoritesServiceLive */,
				74FB4A682A13FAE000FD7290 /* LogServiceLive */,
			);
			productName = BDZDelays;
			productReference = A067207B29F31B96008A4D15 /* BDZDelays.app */;
			productType = "com.apple.product-type.application";
		};
/* End PBXNativeTarget section */

/* Begin PBXProject section */
		A067207329F31B96008A4D15 /* Project object */ = {
			isa = PBXProject;
			attributes = {
				BuildIndependentTargetsInParallel = 1;
				LastSwiftUpdateCheck = 1430;
				LastUpgradeCheck = 1420;
				TargetAttributes = {
					742E26972A26013D0009092D = {
						CreatedOnToolsVersion = 14.3;
					};
					742E26BE2A2666000009092D = {
						CreatedOnToolsVersion = 14.3;
					};
					A067207A29F31B96008A4D15 = {
						CreatedOnToolsVersion = 14.2;
					};
				};
			};
			buildConfigurationList = A067207629F31B96008A4D15 /* Build configuration list for PBXProject "BDZDelays" */;
			compatibilityVersion = "Xcode 14.0";
			developmentRegion = en;
			hasScannedForEncodings = 0;
			knownRegions = (
				en,
				Base,
			);
			mainGroup = A067207229F31B96008A4D15;
			packageReferences = (
			);
			productRefGroup = A067207C29F31B96008A4D15 /* Products */;
			projectDirPath = "";
			projectRoot = "";
			targets = (
				A067207A29F31B96008A4D15 /* BDZDelays */,
				742E26972A26013D0009092D /* DelaysWidgetExtension */,
				742E26BE2A2666000009092D /* SelectStationIntent */,
			);
		};
/* End PBXProject section */

/* Begin PBXResourcesBuildPhase section */
		742E26962A26013D0009092D /* Resources */ = {
			isa = PBXResourcesBuildPhase;
			buildActionMask = 2147483647;
			files = (
				742E26A42A26013F0009092D /* Assets.xcassets in Resources */,
			);
			runOnlyForDeploymentPostprocessing = 0;
		};
		742E26BD2A2666000009092D /* Resources */ = {
			isa = PBXResourcesBuildPhase;
			buildActionMask = 2147483647;
			files = (
			);
			runOnlyForDeploymentPostprocessing = 0;
		};
		A067207929F31B96008A4D15 /* Resources */ = {
			isa = PBXResourcesBuildPhase;
			buildActionMask = 2147483647;
			files = (
				A067208729F31B97008A4D15 /* Preview Assets.xcassets in Resources */,
				74FB4A6F2A15856B00FD7290 /* GoogleService-Info.plist in Resources */,
				A0C57B9A2A0AF0F100E15CD8 /* Settings.bundle in Resources */,
				A067208329F31B97008A4D15 /* Assets.xcassets in Resources */,
			);
			runOnlyForDeploymentPostprocessing = 0;
		};
/* End PBXResourcesBuildPhase section */

/* Begin PBXShellScriptBuildPhase section */
		74FB4A6A2A15731300FD7290 /* ShellScript */ = {
			isa = PBXShellScriptBuildPhase;
			buildActionMask = 2147483647;
			files = (
			);
			inputFileListPaths = (
			);
			inputPaths = (
				"${DWARF_DSYM_FOLDER_PATH}/${DWARF_DSYM_FILE_NAME}/Contents/Resources/DWARF/${TARGET_NAME}",
				"$(SRCROOT)/$(BUILT_PRODUCTS_DIR)/$(INFOPLIST_PATH)",
			);
			outputFileListPaths = (
			);
			outputPaths = (
			);
			runOnlyForDeploymentPostprocessing = 0;
			shellPath = /bin/sh;
			shellScript = "${BUILD_DIR%Build/*}/SourcePackages/checkouts/firebase-ios-sdk/Crashlytics/run\n";
		};
/* End PBXShellScriptBuildPhase section */

/* Begin PBXSourcesBuildPhase section */
		742E26942A26013D0009092D /* Sources */ = {
			isa = PBXSourcesBuildPhase;
			buildActionMask = 2147483647;
			files = (
				749D7F222A310A9D0088E161 /* TrainsEntry.swift in Sources */,
				749D7F202A310A590088E161 /* TrainsTimelineProvider.swift in Sources */,
				742E26A62A26013F0009092D /* DelaysWidget.intentdefinition in Sources */,
				742E26B72A26507E0009092D /* WidgetView.swift in Sources */,
				742E26E52A266EC40009092D /* BGStation+fromName.swift in Sources */,
				742E269F2A26013E0009092D /* DelaysWidgetBundle.swift in Sources */,
				742E26A12A26013E0009092D /* DelaysWidget.swift in Sources */,
			);
			runOnlyForDeploymentPostprocessing = 0;
		};
		742E26BB2A2666000009092D /* Sources */ = {
			isa = PBXSourcesBuildPhase;
			buildActionMask = 2147483647;
			files = (
				742E26E02A2666450009092D /* DelaysWidget.intentdefinition in Sources */,
				742E26C42A2666000009092D /* IntentHandler.swift in Sources */,
			);
			runOnlyForDeploymentPostprocessing = 0;
		};
		A067207729F31B96008A4D15 /* Sources */ = {
			isa = PBXSourcesBuildPhase;
			buildActionMask = 2147483647;
			files = (
				74C48C682A34D1EA001E8F55 /* DeepLinkHandler.swift in Sources */,
				742E26A72A26013F0009092D /* DelaysWidget.intentdefinition in Sources */,
				A067207F29F31B96008A4D15 /* BDZDelaysApp.swift in Sources */,
			);
			runOnlyForDeploymentPostprocessing = 0;
		};
/* End PBXSourcesBuildPhase section */

/* Begin PBXTargetDependency section */
		742E26A92A26013F0009092D /* PBXTargetDependency */ = {
			isa = PBXTargetDependency;
			target = 742E26972A26013D0009092D /* DelaysWidgetExtension */;
			targetProxy = 742E26A82A26013F0009092D /* PBXContainerItemProxy */;
		};
		742E26D82A2666010009092D /* PBXTargetDependency */ = {
			isa = PBXTargetDependency;
			target = 742E26BE2A2666000009092D /* SelectStationIntent */;
			targetProxy = 742E26D72A2666010009092D /* PBXContainerItemProxy */;
		};
/* End PBXTargetDependency section */

/* Begin XCBuildConfiguration section */
		742E26AC2A2601400009092D /* Debug */ = {
			isa = XCBuildConfiguration;
			buildSettings = {
				ASSETCATALOG_COMPILER_GLOBAL_ACCENT_COLOR_NAME = AccentColor;
				ASSETCATALOG_COMPILER_WIDGET_BACKGROUND_COLOR_NAME = WidgetBackground;
				CODE_SIGN_IDENTITY = "Apple Development";
				CODE_SIGN_STYLE = Automatic;
				CURRENT_PROJECT_VERSION = 1;
				DEVELOPMENT_TEAM = 4643PTS49B;
				GENERATE_INFOPLIST_FILE = YES;
				INFOPLIST_FILE = DelaysWidget/Info.plist;
				INFOPLIST_KEY_CFBundleDisplayName = DelaysWidget;
				INFOPLIST_KEY_NSHumanReadableCopyright = "";
				IPHONEOS_DEPLOYMENT_TARGET = 16.4;
				LD_RUNPATH_SEARCH_PATHS = (
					"$(inherited)",
					"@executable_path/Frameworks",
					"@executable_path/../../Frameworks",
				);
				MARKETING_VERSION = 1.0;
				PRODUCT_BUNDLE_IDENTIFIER = yalishanda.BDZDelays.DelaysWidget;
				PRODUCT_NAME = "$(TARGET_NAME)";
				PROVISIONING_PROFILE_SPECIFIER = "";
				SDKROOT = iphoneos;
				SKIP_INSTALL = YES;
				SWIFT_EMIT_LOC_STRINGS = YES;
				SWIFT_VERSION = 5.0;
				TARGETED_DEVICE_FAMILY = "1,2";
			};
			name = Debug;
		};
		742E26AD2A2601400009092D /* Release */ = {
			isa = XCBuildConfiguration;
			buildSettings = {
				ASSETCATALOG_COMPILER_GLOBAL_ACCENT_COLOR_NAME = AccentColor;
				ASSETCATALOG_COMPILER_WIDGET_BACKGROUND_COLOR_NAME = WidgetBackground;
				CODE_SIGN_IDENTITY = "Apple Development";
				CODE_SIGN_STYLE = Automatic;
				CURRENT_PROJECT_VERSION = 1;
				DEVELOPMENT_TEAM = 4643PTS49B;
				GENERATE_INFOPLIST_FILE = YES;
				INFOPLIST_FILE = DelaysWidget/Info.plist;
				INFOPLIST_KEY_CFBundleDisplayName = DelaysWidget;
				INFOPLIST_KEY_NSHumanReadableCopyright = "";
				IPHONEOS_DEPLOYMENT_TARGET = 16.4;
				LD_RUNPATH_SEARCH_PATHS = (
					"$(inherited)",
					"@executable_path/Frameworks",
					"@executable_path/../../Frameworks",
				);
				MARKETING_VERSION = 1.0;
				PRODUCT_BUNDLE_IDENTIFIER = yalishanda.BDZDelays.DelaysWidget;
				PRODUCT_NAME = "$(TARGET_NAME)";
				PROVISIONING_PROFILE_SPECIFIER = "";
				SDKROOT = iphoneos;
				SKIP_INSTALL = YES;
				SWIFT_EMIT_LOC_STRINGS = YES;
				SWIFT_VERSION = 5.0;
				TARGETED_DEVICE_FAMILY = "1,2";
				VALIDATE_PRODUCT = YES;
			};
			name = Release;
		};
		742E26DE2A2666010009092D /* Debug */ = {
			isa = XCBuildConfiguration;
			buildSettings = {
				CODE_SIGN_STYLE = Automatic;
				CURRENT_PROJECT_VERSION = 1;
				DEVELOPMENT_TEAM = 4643PTS49B;
				GENERATE_INFOPLIST_FILE = YES;
				INFOPLIST_FILE = SelectStationIntent/Info.plist;
				INFOPLIST_KEY_CFBundleDisplayName = SelectStationIntent;
				INFOPLIST_KEY_NSHumanReadableCopyright = "";
				IPHONEOS_DEPLOYMENT_TARGET = 16.4;
				LD_RUNPATH_SEARCH_PATHS = (
					"$(inherited)",
					"@executable_path/Frameworks",
					"@executable_path/../../Frameworks",
				);
				MARKETING_VERSION = 1.0;
				PRODUCT_BUNDLE_IDENTIFIER = yalishanda.BDZDelays.SelectStationIntent;
				PRODUCT_NAME = "$(TARGET_NAME)";
				SDKROOT = iphoneos;
				SKIP_INSTALL = YES;
				SWIFT_EMIT_LOC_STRINGS = YES;
				SWIFT_VERSION = 5.0;
				TARGETED_DEVICE_FAMILY = "1,2";
			};
			name = Debug;
		};
		742E26DF2A2666010009092D /* Release */ = {
			isa = XCBuildConfiguration;
			buildSettings = {
				CODE_SIGN_STYLE = Automatic;
				CURRENT_PROJECT_VERSION = 1;
				DEVELOPMENT_TEAM = 4643PTS49B;
				GENERATE_INFOPLIST_FILE = YES;
				INFOPLIST_FILE = SelectStationIntent/Info.plist;
				INFOPLIST_KEY_CFBundleDisplayName = SelectStationIntent;
				INFOPLIST_KEY_NSHumanReadableCopyright = "";
				IPHONEOS_DEPLOYMENT_TARGET = 16.4;
				LD_RUNPATH_SEARCH_PATHS = (
					"$(inherited)",
					"@executable_path/Frameworks",
					"@executable_path/../../Frameworks",
				);
				MARKETING_VERSION = 1.0;
				PRODUCT_BUNDLE_IDENTIFIER = yalishanda.BDZDelays.SelectStationIntent;
				PRODUCT_NAME = "$(TARGET_NAME)";
				SDKROOT = iphoneos;
				SKIP_INSTALL = YES;
				SWIFT_EMIT_LOC_STRINGS = YES;
				SWIFT_VERSION = 5.0;
				TARGETED_DEVICE_FAMILY = "1,2";
				VALIDATE_PRODUCT = YES;
			};
			name = Release;
		};
		A067209E29F31B97008A4D15 /* Debug */ = {
			isa = XCBuildConfiguration;
			buildSettings = {
				ALWAYS_SEARCH_USER_PATHS = NO;
				CLANG_ANALYZER_NONNULL = YES;
				CLANG_ANALYZER_NUMBER_OBJECT_CONVERSION = YES_AGGRESSIVE;
				CLANG_CXX_LANGUAGE_STANDARD = "gnu++20";
				CLANG_ENABLE_MODULES = YES;
				CLANG_ENABLE_OBJC_ARC = YES;
				CLANG_ENABLE_OBJC_WEAK = YES;
				CLANG_WARN_BLOCK_CAPTURE_AUTORELEASING = YES;
				CLANG_WARN_BOOL_CONVERSION = YES;
				CLANG_WARN_COMMA = YES;
				CLANG_WARN_CONSTANT_CONVERSION = YES;
				CLANG_WARN_DEPRECATED_OBJC_IMPLEMENTATIONS = YES;
				CLANG_WARN_DIRECT_OBJC_ISA_USAGE = YES_ERROR;
				CLANG_WARN_DOCUMENTATION_COMMENTS = YES;
				CLANG_WARN_EMPTY_BODY = YES;
				CLANG_WARN_ENUM_CONVERSION = YES;
				CLANG_WARN_INFINITE_RECURSION = YES;
				CLANG_WARN_INT_CONVERSION = YES;
				CLANG_WARN_NON_LITERAL_NULL_CONVERSION = YES;
				CLANG_WARN_OBJC_IMPLICIT_RETAIN_SELF = YES;
				CLANG_WARN_OBJC_LITERAL_CONVERSION = YES;
				CLANG_WARN_OBJC_ROOT_CLASS = YES_ERROR;
				CLANG_WARN_QUOTED_INCLUDE_IN_FRAMEWORK_HEADER = YES;
				CLANG_WARN_RANGE_LOOP_ANALYSIS = YES;
				CLANG_WARN_STRICT_PROTOTYPES = YES;
				CLANG_WARN_SUSPICIOUS_MOVE = YES;
				CLANG_WARN_UNGUARDED_AVAILABILITY = YES_AGGRESSIVE;
				CLANG_WARN_UNREACHABLE_CODE = YES;
				CLANG_WARN__DUPLICATE_METHOD_MATCH = YES;
				COPY_PHASE_STRIP = NO;
				DEBUG_INFORMATION_FORMAT = dwarf;
				ENABLE_STRICT_OBJC_MSGSEND = YES;
				ENABLE_TESTABILITY = YES;
				GCC_C_LANGUAGE_STANDARD = gnu11;
				GCC_DYNAMIC_NO_PIC = NO;
				GCC_NO_COMMON_BLOCKS = YES;
				GCC_OPTIMIZATION_LEVEL = 0;
				GCC_PREPROCESSOR_DEFINITIONS = (
					"DEBUG=1",
					"$(inherited)",
				);
				GCC_WARN_64_TO_32_BIT_CONVERSION = YES;
				GCC_WARN_ABOUT_RETURN_TYPE = YES_ERROR;
				GCC_WARN_UNDECLARED_SELECTOR = YES;
				GCC_WARN_UNINITIALIZED_AUTOS = YES_AGGRESSIVE;
				GCC_WARN_UNUSED_FUNCTION = YES;
				GCC_WARN_UNUSED_VARIABLE = YES;
				MTL_ENABLE_DEBUG_INFO = INCLUDE_SOURCE;
				MTL_FAST_MATH = YES;
				ONLY_ACTIVE_ARCH = YES;
				SWIFT_ACTIVE_COMPILATION_CONDITIONS = DEBUG;
				SWIFT_OPTIMIZATION_LEVEL = "-Onone";
			};
			name = Debug;
		};
		A067209F29F31B97008A4D15 /* Release */ = {
			isa = XCBuildConfiguration;
			buildSettings = {
				ALWAYS_SEARCH_USER_PATHS = NO;
				CLANG_ANALYZER_NONNULL = YES;
				CLANG_ANALYZER_NUMBER_OBJECT_CONVERSION = YES_AGGRESSIVE;
				CLANG_CXX_LANGUAGE_STANDARD = "gnu++20";
				CLANG_ENABLE_MODULES = YES;
				CLANG_ENABLE_OBJC_ARC = YES;
				CLANG_ENABLE_OBJC_WEAK = YES;
				CLANG_WARN_BLOCK_CAPTURE_AUTORELEASING = YES;
				CLANG_WARN_BOOL_CONVERSION = YES;
				CLANG_WARN_COMMA = YES;
				CLANG_WARN_CONSTANT_CONVERSION = YES;
				CLANG_WARN_DEPRECATED_OBJC_IMPLEMENTATIONS = YES;
				CLANG_WARN_DIRECT_OBJC_ISA_USAGE = YES_ERROR;
				CLANG_WARN_DOCUMENTATION_COMMENTS = YES;
				CLANG_WARN_EMPTY_BODY = YES;
				CLANG_WARN_ENUM_CONVERSION = YES;
				CLANG_WARN_INFINITE_RECURSION = YES;
				CLANG_WARN_INT_CONVERSION = YES;
				CLANG_WARN_NON_LITERAL_NULL_CONVERSION = YES;
				CLANG_WARN_OBJC_IMPLICIT_RETAIN_SELF = YES;
				CLANG_WARN_OBJC_LITERAL_CONVERSION = YES;
				CLANG_WARN_OBJC_ROOT_CLASS = YES_ERROR;
				CLANG_WARN_QUOTED_INCLUDE_IN_FRAMEWORK_HEADER = YES;
				CLANG_WARN_RANGE_LOOP_ANALYSIS = YES;
				CLANG_WARN_STRICT_PROTOTYPES = YES;
				CLANG_WARN_SUSPICIOUS_MOVE = YES;
				CLANG_WARN_UNGUARDED_AVAILABILITY = YES_AGGRESSIVE;
				CLANG_WARN_UNREACHABLE_CODE = YES;
				CLANG_WARN__DUPLICATE_METHOD_MATCH = YES;
				COPY_PHASE_STRIP = NO;
				DEBUG_INFORMATION_FORMAT = "dwarf-with-dsym";
				ENABLE_NS_ASSERTIONS = NO;
				ENABLE_STRICT_OBJC_MSGSEND = YES;
				GCC_C_LANGUAGE_STANDARD = gnu11;
				GCC_NO_COMMON_BLOCKS = YES;
				GCC_WARN_64_TO_32_BIT_CONVERSION = YES;
				GCC_WARN_ABOUT_RETURN_TYPE = YES_ERROR;
				GCC_WARN_UNDECLARED_SELECTOR = YES;
				GCC_WARN_UNINITIALIZED_AUTOS = YES_AGGRESSIVE;
				GCC_WARN_UNUSED_FUNCTION = YES;
				GCC_WARN_UNUSED_VARIABLE = YES;
				MTL_ENABLE_DEBUG_INFO = NO;
				MTL_FAST_MATH = YES;
				SWIFT_COMPILATION_MODE = wholemodule;
				SWIFT_OPTIMIZATION_LEVEL = "-O";
			};
			name = Release;
		};
		A06720A129F31B97008A4D15 /* Debug */ = {
			isa = XCBuildConfiguration;
			buildSettings = {
				ALWAYS_EMBED_SWIFT_STANDARD_LIBRARIES = YES;
				ASSETCATALOG_COMPILER_APPICON_NAME = AppIcon;
				ASSETCATALOG_COMPILER_GLOBAL_ACCENT_COLOR_NAME = AccentColor;
				CODE_SIGN_ENTITLEMENTS = BDZDelays/BDZDelays.entitlements;
				"CODE_SIGN_IDENTITY[sdk=macosx*]" = "Mac Developer";
				CODE_SIGN_STYLE = Manual;
				CURRENT_PROJECT_VERSION = 1;
				DEBUG_INFORMATION_FORMAT = "dwarf-with-dsym";
				DEVELOPMENT_ASSET_PATHS = "\"BDZDelays/Preview Content\"";
				DEVELOPMENT_TEAM = "";
				"DEVELOPMENT_TEAM[sdk=iphoneos*]" = 4643PTS49B;
				"DEVELOPMENT_TEAM[sdk=macosx*]" = 4643PTS49B;
				ENABLE_HARDENED_RUNTIME = YES;
				ENABLE_PREVIEWS = YES;
				GENERATE_INFOPLIST_FILE = YES;
				INFOPLIST_FILE = BDZDelays/Info.plist;
				INFOPLIST_KEY_CFBundleDisplayName = "Закъснения";
				INFOPLIST_KEY_LSApplicationCategoryType = "public.app-category.travel";
				INFOPLIST_KEY_NSLocationWhenInUseUsageDescription = "За да открие коя е най-близката ЖП гара.";
				"INFOPLIST_KEY_UIApplicationSceneManifest_Generation[sdk=iphoneos*]" = YES;
				"INFOPLIST_KEY_UIApplicationSceneManifest_Generation[sdk=iphonesimulator*]" = YES;
				"INFOPLIST_KEY_UIApplicationSupportsIndirectInputEvents[sdk=iphoneos*]" = YES;
				"INFOPLIST_KEY_UIApplicationSupportsIndirectInputEvents[sdk=iphonesimulator*]" = YES;
				"INFOPLIST_KEY_UILaunchScreen_Generation[sdk=iphoneos*]" = YES;
				"INFOPLIST_KEY_UILaunchScreen_Generation[sdk=iphonesimulator*]" = YES;
				"INFOPLIST_KEY_UIStatusBarStyle[sdk=iphoneos*]" = UIStatusBarStyleDefault;
				"INFOPLIST_KEY_UIStatusBarStyle[sdk=iphonesimulator*]" = UIStatusBarStyleDefault;
				INFOPLIST_KEY_UISupportedInterfaceOrientations_iPad = "UIInterfaceOrientationPortrait UIInterfaceOrientationPortraitUpsideDown UIInterfaceOrientationLandscapeLeft UIInterfaceOrientationLandscapeRight";
				INFOPLIST_KEY_UISupportedInterfaceOrientations_iPhone = "UIInterfaceOrientationPortrait UIInterfaceOrientationLandscapeLeft UIInterfaceOrientationLandscapeRight";
				IPHONEOS_DEPLOYMENT_TARGET = 16.0;
				LD_RUNPATH_SEARCH_PATHS = "@executable_path/Frameworks";
				"LD_RUNPATH_SEARCH_PATHS[sdk=macosx*]" = "@executable_path/../Frameworks";
				MACOSX_DEPLOYMENT_TARGET = 13.0;
				MARKETING_VERSION = 1.0.0;
				PRODUCT_BUNDLE_IDENTIFIER = yalishanda.BDZDelays;
				PRODUCT_NAME = "$(TARGET_NAME)";
				PROVISIONING_PROFILE_SPECIFIER = "";
				"PROVISIONING_PROFILE_SPECIFIER[sdk=iphoneos*]" = "iOS Dev";
				"PROVISIONING_PROFILE_SPECIFIER[sdk=macosx*]" = "mac dev";
				SDKROOT = auto;
				SUPPORTED_PLATFORMS = "iphoneos iphonesimulator macosx";
				SWIFT_EMIT_LOC_STRINGS = YES;
				SWIFT_VERSION = 5.0;
				TARGETED_DEVICE_FAMILY = "1,2";
			};
			name = Debug;
		};
		A06720A229F31B97008A4D15 /* Release */ = {
			isa = XCBuildConfiguration;
			buildSettings = {
				ALWAYS_EMBED_SWIFT_STANDARD_LIBRARIES = YES;
				ASSETCATALOG_COMPILER_APPICON_NAME = AppIcon;
				ASSETCATALOG_COMPILER_GLOBAL_ACCENT_COLOR_NAME = AccentColor;
				CODE_SIGN_ENTITLEMENTS = BDZDelays/BDZDelays.entitlements;
				"CODE_SIGN_IDENTITY[sdk=iphoneos*]" = "iPhone Distribution";
				"CODE_SIGN_IDENTITY[sdk=macosx*]" = "3rd Party Mac Developer Application";
				CODE_SIGN_STYLE = Manual;
				CURRENT_PROJECT_VERSION = 1;
				DEVELOPMENT_ASSET_PATHS = "\"BDZDelays/Preview Content\"";
				DEVELOPMENT_TEAM = "";
				"DEVELOPMENT_TEAM[sdk=iphoneos*]" = 4643PTS49B;
				"DEVELOPMENT_TEAM[sdk=macosx*]" = 4643PTS49B;
				ENABLE_HARDENED_RUNTIME = YES;
				ENABLE_PREVIEWS = YES;
				GENERATE_INFOPLIST_FILE = YES;
				INFOPLIST_FILE = BDZDelays/Info.plist;
				INFOPLIST_KEY_CFBundleDisplayName = "Закъснения";
				INFOPLIST_KEY_LSApplicationCategoryType = "public.app-category.travel";
				INFOPLIST_KEY_NSLocationWhenInUseUsageDescription = "За да открие коя е най-близката ЖП гара.";
				"INFOPLIST_KEY_UIApplicationSceneManifest_Generation[sdk=iphoneos*]" = YES;
				"INFOPLIST_KEY_UIApplicationSceneManifest_Generation[sdk=iphonesimulator*]" = YES;
				"INFOPLIST_KEY_UIApplicationSupportsIndirectInputEvents[sdk=iphoneos*]" = YES;
				"INFOPLIST_KEY_UIApplicationSupportsIndirectInputEvents[sdk=iphonesimulator*]" = YES;
				"INFOPLIST_KEY_UILaunchScreen_Generation[sdk=iphoneos*]" = YES;
				"INFOPLIST_KEY_UILaunchScreen_Generation[sdk=iphonesimulator*]" = YES;
				"INFOPLIST_KEY_UIStatusBarStyle[sdk=iphoneos*]" = UIStatusBarStyleDefault;
				"INFOPLIST_KEY_UIStatusBarStyle[sdk=iphonesimulator*]" = UIStatusBarStyleDefault;
				INFOPLIST_KEY_UISupportedInterfaceOrientations_iPad = "UIInterfaceOrientationPortrait UIInterfaceOrientationPortraitUpsideDown UIInterfaceOrientationLandscapeLeft UIInterfaceOrientationLandscapeRight";
				INFOPLIST_KEY_UISupportedInterfaceOrientations_iPhone = "UIInterfaceOrientationPortrait UIInterfaceOrientationLandscapeLeft UIInterfaceOrientationLandscapeRight";
				IPHONEOS_DEPLOYMENT_TARGET = 16.0;
				LD_RUNPATH_SEARCH_PATHS = "@executable_path/Frameworks";
				"LD_RUNPATH_SEARCH_PATHS[sdk=macosx*]" = "@executable_path/../Frameworks";
				MACOSX_DEPLOYMENT_TARGET = 13.0;
				MARKETING_VERSION = 1.0.0;
				PRODUCT_BUNDLE_IDENTIFIER = yalishanda.BDZDelays;
				PRODUCT_NAME = "$(TARGET_NAME)";
				PROVISIONING_PROFILE_SPECIFIER = "";
				"PROVISIONING_PROFILE_SPECIFIER[sdk=iphoneos*]" = "iOS Distribution";
				"PROVISIONING_PROFILE_SPECIFIER[sdk=macosx*]" = "mac distribution";
				SDKROOT = auto;
				SUPPORTED_PLATFORMS = "iphoneos iphonesimulator macosx";
				SWIFT_EMIT_LOC_STRINGS = YES;
				SWIFT_VERSION = 5.0;
				TARGETED_DEVICE_FAMILY = "1,2";
			};
			name = Release;
		};
/* End XCBuildConfiguration section */

/* Begin XCConfigurationList section */
		742E26AE2A2601400009092D /* Build configuration list for PBXNativeTarget "DelaysWidgetExtension" */ = {
			isa = XCConfigurationList;
			buildConfigurations = (
				742E26AC2A2601400009092D /* Debug */,
				742E26AD2A2601400009092D /* Release */,
			);
			defaultConfigurationIsVisible = 0;
			defaultConfigurationName = Release;
		};
		742E26DD2A2666010009092D /* Build configuration list for PBXNativeTarget "SelectStationIntent" */ = {
			isa = XCConfigurationList;
			buildConfigurations = (
				742E26DE2A2666010009092D /* Debug */,
				742E26DF2A2666010009092D /* Release */,
			);
			defaultConfigurationIsVisible = 0;
			defaultConfigurationName = Release;
		};
		A067207629F31B96008A4D15 /* Build configuration list for PBXProject "BDZDelays" */ = {
			isa = XCConfigurationList;
			buildConfigurations = (
				A067209E29F31B97008A4D15 /* Debug */,
				A067209F29F31B97008A4D15 /* Release */,
			);
			defaultConfigurationIsVisible = 0;
			defaultConfigurationName = Release;
		};
		A06720A029F31B97008A4D15 /* Build configuration list for PBXNativeTarget "BDZDelays" */ = {
			isa = XCConfigurationList;
			buildConfigurations = (
				A06720A129F31B97008A4D15 /* Debug */,
				A06720A229F31B97008A4D15 /* Release */,
			);
			defaultConfigurationIsVisible = 0;
			defaultConfigurationName = Release;
		};
/* End XCConfigurationList section */

/* Begin XCSwiftPackageProductDependency section */
		742E26B12A2647790009092D /* StationRepository */ = {
			isa = XCSwiftPackageProductDependency;
			productName = StationRepository;
		};
		742E26B32A26477E0009092D /* StationRepositoryLive */ = {
			isa = XCSwiftPackageProductDependency;
			productName = StationRepositoryLive;
		};
		742E26E22A2667700009092D /* SharedModels */ = {
			isa = XCSwiftPackageProductDependency;
			productName = SharedModels;
		};
		74B48B632A11887D0061DD98 /* FavoritesServiceLive */ = {
			isa = XCSwiftPackageProductDependency;
			productName = FavoritesServiceLive;
		};
		74ECD0942A0FED5000C577DD /* SettingsURLServiceLive */ = {
			isa = XCSwiftPackageProductDependency;
			productName = SettingsURLServiceLive;
		};
		74FB4A682A13FAE000FD7290 /* LogServiceLive */ = {
			isa = XCSwiftPackageProductDependency;
			productName = LogServiceLive;
		};
		A0541FE42A08FD8E0077A164 /* SearchStationView */ = {
			isa = XCSwiftPackageProductDependency;
			productName = SearchStationView;
		};
		A0541FE62A08FDA30077A164 /* SearchStationDomain */ = {
			isa = XCSwiftPackageProductDependency;
			productName = SearchStationDomain;
		};
		A0541FE82A09153F0077A164 /* LocationServiceLive */ = {
			isa = XCSwiftPackageProductDependency;
			productName = LocationServiceLive;
		};
		A0541FEA2A0915470077A164 /* StationRepositoryLive */ = {
			isa = XCSwiftPackageProductDependency;
			productName = StationRepositoryLive;
		};
/* End XCSwiftPackageProductDependency section */
	};
	rootObject = A067207329F31B96008A4D15 /* Project object */;
}
